
Microsoft Visual Studio Solution File, Format Version 12.00
# Visual Studio 2015
Project("{FAE04EC0-301F-11D3-BF4B-00C04F79EFBC}") = "PJ11", "PJ11.csproj", "{8C77298C-044D-69CD-D533-07DB50671F17}"
EndProject
Project("{FAE04EC0-301F-11D3-BF4B-00C04F79EFBC}") = "PJ11.Editor", "PJ11.Editor.csproj", "{72BF3B26-F48E-0A87-FC5E-7469BF5AC7DD}"
EndProject
Global
	GlobalSection(SolutionConfigurationPlatforms) = preSolution
		Debug|Any CPU = Debug|Any CPU
		Release|Any CPU = Release|Any CPU
	EndGlobalSection
	GlobalSection(ProjectConfigurationPlatforms) = postSolution
		{8C77298C-044D-69CD-D533-07DB50671F17}.Debug|Any CPU.ActiveCfg = Debug|Any CPU
		{8C77298C-044D-69CD-D533-07DB50671F17}.Debug|Any CPU.Build.0 = Debug|Any CPU
		{8C77298C-044D-69CD-D533-07DB50671F17}.Release|Any CPU.ActiveCfg = Release|Any CPU
		{8C77298C-044D-69CD-D533-07DB50671F17}.Release|Any CPU.Build.0 = Release|Any CPU
		{72BF3B26-F48E-0A87-FC5E-7469BF5AC7DD}.Debug|Any CPU.ActiveCfg = Debug|Any CPU
		{72BF3B26-F48E-0A87-FC5E-7469BF5AC7DD}.Debug|Any CPU.Build.0 = Debug|Any CPU
		{72BF3B26-F48E-0A87-FC5E-7469BF5AC7DD}.Release|Any CPU.ActiveCfg = Release|Any CPU
		{72BF3B26-F48E-0A87-FC5E-7469BF5AC7DD}.Release|Any CPU.Build.0 = Release|Any CPU
	EndGlobalSection
	GlobalSection(SolutionProperties) = preSolution
		HideSolutionNode = FALSE
	EndGlobalSection
EndGlobal
