
Microsoft Visual Studio Solution File, Format Version 11.00
# Visual Studio 2010
Project("{FAE04EC0-301F-11D3-BF4B-00C04F79EFBC}") = "PJ16", "Assembly-CSharp.csproj", "{4ED18CC3-53D5-D414-2EAB-D27C65CD6A12}"
EndProject
Project("{FAE04EC0-301F-11D3-BF4B-00C04F79EFBC}") = "PJ16", "Assembly-CSharp-Editor.csproj", "{A3E062AF-4E83-9382-DBB1-ADF8A462C292}"
EndProject
Global
	GlobalSection(SolutionConfigurationPlatforms) = preSolution
		Debug|Any CPU = Debug|Any CPU
		Release|Any CPU = Release|Any CPU
	EndGlobalSection
	GlobalSection(ProjectConfigurationPlatforms) = postSolution
		{4ED18CC3-53D5-D414-2EAB-D27C65CD6A12}.Debug|Any CPU.ActiveCfg = Debug|Any CPU
		{4ED18CC3-53D5-D414-2EAB-D27C65CD6A12}.Debug|Any CPU.Build.0 = Debug|Any CPU
		{4ED18CC3-53D5-D414-2EAB-D27C65CD6A12}.Release|Any CPU.ActiveCfg = Release|Any CPU
		{4ED18CC3-53D5-D414-2EAB-D27C65CD6A12}.Release|Any CPU.Build.0 = Release|Any CPU
		{A3E062AF-4E83-9382-DBB1-ADF8A462C292}.Debug|Any CPU.ActiveCfg = Debug|Any CPU
		{A3E062AF-4E83-9382-DBB1-ADF8A462C292}.Debug|Any CPU.Build.0 = Debug|Any CPU
		{A3E062AF-4E83-9382-DBB1-ADF8A462C292}.Release|Any CPU.ActiveCfg = Release|Any CPU
		{A3E062AF-4E83-9382-DBB1-ADF8A462C292}.Release|Any CPU.Build.0 = Release|Any CPU
	EndGlobalSection
	GlobalSection(SolutionProperties) = preSolution
		HideSolutionNode = FALSE
	EndGlobalSection
	GlobalSection(MonoDevelopProperties) = preSolution
		StartupItem = Assembly-CSharp.csproj
	EndGlobalSection
EndGlobal
