
Microsoft Visual Studio Solution File, Format Version 12.00
# Visual Studio 2015
Project("{FAE04EC0-301F-11D3-BF4B-00C04F79EFBC}") = "PJ9", "PJ9.csproj", "{999B50FC-55A9-B55A-F126-B2ED745F3FFB}"
EndProject
Project("{FAE04EC0-301F-11D3-BF4B-00C04F79EFBC}") = "PJ9.Editor", "PJ9.Editor.csproj", "{2E2A2422-8FDC-DC19-181C-18D77629D504}"
EndProject
Global
	GlobalSection(SolutionConfigurationPlatforms) = preSolution
		Debug|Any CPU = Debug|Any CPU
		Release|Any CPU = Release|Any CPU
	EndGlobalSection
	GlobalSection(ProjectConfigurationPlatforms) = postSolution
		{999B50FC-55A9-B55A-F126-B2ED745F3FFB}.Debug|Any CPU.ActiveCfg = Debug|Any CPU
		{999B50FC-55A9-B55A-F126-B2ED745F3FFB}.Debug|Any CPU.Build.0 = Debug|Any CPU
		{999B50FC-55A9-B55A-F126-B2ED745F3FFB}.Release|Any CPU.ActiveCfg = Release|Any CPU
		{999B50FC-55A9-B55A-F126-B2ED745F3FFB}.Release|Any CPU.Build.0 = Release|Any CPU
		{2E2A2422-8FDC-DC19-181C-18D77629D504}.Debug|Any CPU.ActiveCfg = Debug|Any CPU
		{2E2A2422-8FDC-DC19-181C-18D77629D504}.Debug|Any CPU.Build.0 = Debug|Any CPU
		{2E2A2422-8FDC-DC19-181C-18D77629D504}.Release|Any CPU.ActiveCfg = Release|Any CPU
		{2E2A2422-8FDC-DC19-181C-18D77629D504}.Release|Any CPU.Build.0 = Release|Any CPU
	EndGlobalSection
	GlobalSection(SolutionProperties) = preSolution
		HideSolutionNode = FALSE
	EndGlobalSection
EndGlobal
